<?xml version="1.0" encoding="UTF-8" standalone="yes" ?>
<CodeBlocks_project_file>
	<FileVersion major="1" minor="6" />
	<Project>
		<Option title="multi-platform-game-engine" />
		<Option pch_mode="2" />
		<Option compiler="gcc" />
		<Build>
			<Target title="Debug">
				<Option output="bin/Debug/multi-platform-game-engine" prefix_auto="1" extension_auto="1" />
				<Option object_output="obj/Debug/" />
				<Option type="1" />
				<Option compiler="gcc" />
				<Compiler>
					<Add option="-g" />
				</Compiler>
			</Target>
			<Target title="Release">
				<Option output="bin/Release/multi-platform-game-engine" prefix_auto="1" extension_auto="1" />
				<Option object_output="obj/Release/" />
				<Option type="1" />
				<Option compiler="gcc" />
				<Compiler>
					<Add option="-O2" />
				</Compiler>
				<Linker>
					<Add option="-s" />
				</Linker>
			</Target>
		</Build>
		<Compiler>
			<Add option="-Wall" />
		</Compiler>
		<Linker>
			<Add library="libGL.a" />
			<Add library="libGLU.a" />
			<Add library="libXxf86vm.a" />
		</Linker>
		<Unit filename="applicationManager.cpp" />
		<Unit filename="applicationManager.h" />
		<Unit filename="applicationState.cpp" />
		<Unit filename="applicationState.h" />
		<Unit filename="clock.cpp" />
		<Unit filename="clock.h" />
		<Unit filename="glx/glext.h" />
		<Unit filename="glx/glxext.h" />
		<Unit filename="glxwindow.cpp" />
		<Unit filename="glxwindow.h" />
		<Unit filename="main.cpp" />
		<Unit filename="splashScreenState.cpp" />
		<Unit filename="splashScreenState.h" />
		<Extensions>
			<code_completion />
			<debugger />
		</Extensions>
	</Project>
</CodeBlocks_project_file>
